# @generated - this file is auto-generated by `mise lock` https://mise.jdx.dev/dev-tools/mise-lock.html

lockfile_version = 1

[[tools."github:tessariq/taskrail"]]
version = "0.4.0"
backend = "github:tessariq/taskrail"
specifiers = ["0.4.0"]

[tools."github:tessariq/taskrail"."platforms.linux-arm64"]
checksum = "sha256:8f7462bf74023946359877bb3efc00461575cf8486391ac3d034e53adf0867a7"
url = "https://github.com/tessariq/taskrail/releases/download/v0.4.0/taskrail_0.4.0_linux_arm64.tar.gz"
url_api = "https://api.github.com/repos/tessariq/taskrail/releases/assets/495068782"

[tools."github:tessariq/taskrail"."platforms.linux-arm64-musl"]
checksum = "sha256:8f7462bf74023946359877bb3efc00461575cf8486391ac3d034e53adf0867a7"
url = "https://github.com/tessariq/taskrail/releases/download/v0.4.0/taskrail_0.4.0_linux_arm64.tar.gz"
url_api = "https://api.github.com/repos/tessariq/taskrail/releases/assets/495068782"

[tools."github:tessariq/taskrail"."platforms.linux-x64"]
checksum = "sha256:d165c0e9499be6815e3f78686500ce7762b7b2ad08aff394ffa9a44b721bea70"
url = "https://github.com/tessariq/taskrail/releases/download/v0.4.0/taskrail_0.4.0_linux_amd64.tar.gz"
url_api = "https://api.github.com/repos/tessariq/taskrail/releases/assets/495068766"

[tools."github:tessariq/taskrail"."platforms.linux-x64-musl"]
checksum = "sha256:d165c0e9499be6815e3f78686500ce7762b7b2ad08aff394ffa9a44b721bea70"
url = "https://github.com/tessariq/taskrail/releases/download/v0.4.0/taskrail_0.4.0_linux_amd64.tar.gz"
url_api = "https://api.github.com/repos/tessariq/taskrail/releases/assets/495068766"

[tools."github:tessariq/taskrail"."platforms.macos-arm64"]
checksum = "sha256:99be4ef2f6ba68e7cdf2c60d5a09095b139aa217501ad381ec666185eb42701f"
url = "https://github.com/tessariq/taskrail/releases/download/v0.4.0/taskrail_0.4.0_darwin_arm64.tar.gz"
url_api = "https://api.github.com/repos/tessariq/taskrail/releases/assets/495068781"

[tools."github:tessariq/taskrail"."platforms.macos-x64"]
checksum = "sha256:e249c7d5b46dc1cc3f484437f2d23743a3cdd6c0c9f63f56fe2cde61fdcdc3a9"
url = "https://github.com/tessariq/taskrail/releases/download/v0.4.0/taskrail_0.4.0_darwin_amd64.tar.gz"
url_api = "https://api.github.com/repos/tessariq/taskrail/releases/assets/495068764"

[tools."github:tessariq/taskrail"."platforms.windows-x64"]
checksum = "sha256:c8c5849383ea5ad37ba499fc69d9d0953f1584f45835342eaf6e44e1d183647b"
url = "https://github.com/tessariq/taskrail/releases/download/v0.4.0/taskrail_0.4.0_windows_amd64.zip"
url_api = "https://api.github.com/repos/tessariq/taskrail/releases/assets/495068765"

[[tools.lefthook]]
version = "2.1.10"
backend = "aqua:evilmartians/lefthook"
specifiers = ["2.1.10"]

[tools.lefthook."platforms.linux-arm64"]
checksum = "sha256:6380a6ad6dd484466fd69bd83f24491d6ec27dc0b84e837be025620f7c4e11e3"
url = "https://github.com/evilmartians/lefthook/releases/download/v2.1.10/lefthook_2.1.10_Linux_aarch64.gz"
url_api = "https://api.github.com/repos/evilmartians/lefthook/releases/assets/470227512"
provenance = "github-attestations"

[tools.lefthook."platforms.linux-arm64-musl"]
checksum = "sha256:6380a6ad6dd484466fd69bd83f24491d6ec27dc0b84e837be025620f7c4e11e3"
url = "https://github.com/evilmartians/lefthook/releases/download/v2.1.10/lefthook_2.1.10_Linux_aarch64.gz"
url_api = "https://api.github.com/repos/evilmartians/lefthook/releases/assets/470227512"
provenance = "github-attestations"

[tools.lefthook."platforms.linux-x64"]
checksum = "sha256:0b14162a0bb2f0c64ae0759f6102f6e19c4d00981666a8ac73d4f5a6878ada4f"
url = "https://github.com/evilmartians/lefthook/releases/download/v2.1.10/lefthook_2.1.10_Linux_x86_64.gz"
url_api = "https://api.github.com/repos/evilmartians/lefthook/releases/assets/470227493"
provenance = "github-attestations"

[tools.lefthook."platforms.linux-x64-musl"]
checksum = "sha256:0b14162a0bb2f0c64ae0759f6102f6e19c4d00981666a8ac73d4f5a6878ada4f"
url = "https://github.com/evilmartians/lefthook/releases/download/v2.1.10/lefthook_2.1.10_Linux_x86_64.gz"
url_api = "https://api.github.com/repos/evilmartians/lefthook/releases/assets/470227493"
provenance = "github-attestations"

[tools.lefthook."platforms.macos-arm64"]
checksum = "sha256:1dd4dc7b4c50efb1f9d9122cd6535c793738d6e59751c228d49f768ec9dbb604"
url = "https://github.com/evilmartians/lefthook/releases/download/v2.1.10/lefthook_2.1.10_MacOS_arm64.gz"
url_api = "https://api.github.com/repos/evilmartians/lefthook/releases/assets/470227499"
provenance = "github-attestations"

[tools.lefthook."platforms.macos-x64"]
checksum = "sha256:49d905f28ca46442cb236060058b252da650b5f7b864bd275b61aa46945e8c4a"
url = "https://github.com/evilmartians/lefthook/releases/download/v2.1.10/lefthook_2.1.10_MacOS_x86_64.gz"
url_api = "https://api.github.com/repos/evilmartians/lefthook/releases/assets/470227495"
provenance = "github-attestations"

[tools.lefthook."platforms.windows-x64"]
checksum = "sha256:beabbce824641ae71229ed11dd8634f47148921cb649d25c90441b737481494a"
url = "https://github.com/evilmartians/lefthook/releases/download/v2.1.10/lefthook_2.1.10_Windows_x86_64.gz"
url_api = "https://api.github.com/repos/evilmartians/lefthook/releases/assets/470227505"
provenance = "github-attestations"

[[tools.uv]]
version = "0.9.17"
backend = "aqua:astral-sh/uv"
specifiers = ["0.9.17"]

[tools.uv."platforms.linux-arm64"]
checksum = "sha256:e9eba97b7169e47fd3c926e409f0b714820f0befc23b3ae062780586a793e4cc"
url = "https://github.com/astral-sh/uv/releases/download/0.9.17/uv-aarch64-unknown-linux-gnu.tar.gz"
url_api = "https://api.github.com/repos/astral-sh/uv/releases/assets/326593558"
provenance = "github-attestations"

[tools.uv."platforms.linux-arm64-musl"]
checksum = "sha256:f6f48a301f8e855765af42ef50257af0cebc9c5439dfdcbc188142941aea45ca"
url = "https://github.com/astral-sh/uv/releases/download/0.9.17/uv-aarch64-unknown-linux-musl.tar.gz"
url_api = "https://api.github.com/repos/astral-sh/uv/releases/assets/326593560"
provenance = "github-attestations"

[tools.uv."platforms.linux-x64"]
checksum = "sha256:0114d54f9aafd07516cf1cadfe72afa970f5fd293fbe82dd924b8a7b42c984d8"
url = "https://github.com/astral-sh/uv/releases/download/0.9.17/uv-x86_64-unknown-linux-gnu.tar.gz"
url_api = "https://api.github.com/repos/astral-sh/uv/releases/assets/326593628"
provenance = "github-attestations"

[tools.uv."platforms.linux-x64-musl"]
checksum = "sha256:ab616c1851e7b1ed377a9ff3997dcee184bea7eda0b20bc8607abba6c469cbad"
url = "https://github.com/astral-sh/uv/releases/download/0.9.17/uv-x86_64-unknown-linux-musl.tar.gz"
url_api = "https://api.github.com/repos/astral-sh/uv/releases/assets/326593632"
provenance = "github-attestations"

[tools.uv."platforms.macos-arm64"]
checksum = "sha256:a1e1464aa1d04d5e5fa700aa2f2e10397d1114e835dbd56be25ba65c9a31bd99"
url = "https://github.com/astral-sh/uv/releases/download/0.9.17/uv-aarch64-apple-darwin.tar.gz"
url_api = "https://api.github.com/repos/astral-sh/uv/releases/assets/326593550"
provenance = "github-attestations"

[tools.uv."platforms.macos-x64"]
checksum = "sha256:249e7fb18d45c06ba283c48f0a8e586ecc5fbb9e8dad0923c4169a7c4db815b2"
url = "https://github.com/astral-sh/uv/releases/download/0.9.17/uv-x86_64-apple-darwin.tar.gz"
url_api = "https://api.github.com/repos/astral-sh/uv/releases/assets/326593620"
provenance = "github-attestations"

[tools.uv."platforms.windows-x64"]
checksum = "sha256:ebc76197bf3e1a58f9dac6f70f49b0ebd3e6907ab35289ce228bce5ba8a3f201"
url = "https://github.com/astral-sh/uv/releases/download/0.9.17/uv-x86_64-pc-windows-msvc.zip"
url_api = "https://api.github.com/repos/astral-sh/uv/releases/assets/326593623"
provenance = "github-attestations"
